Microsoft Visual Studio Solution File, Format Version 11.00
# Visual Studio 2008

Project("{8D3B1BC3-4BBB-C45A-4DF3-67E6A96E1CD0}") = "MayaVerse", "Assembly-CSharp.csproj", "{EBB45317-DDB8-296E-4755-3418B861F039}"
EndProject
Global
	GlobalSection(SolutionConfigurationPlatforms) = preSolution
		Debug|Any CPU = Debug|Any CPU
		Release|Any CPU = Release|Any CPU
	EndGlobalSection
	GlobalSection(ProjectConfigurationPlatforms) = postSolution
		{EBB45317-DDB8-296E-4755-3418B861F039}.Debug|Any CPU.ActiveCfg = Debug|Any CPU
		{EBB45317-DDB8-296E-4755-3418B861F039}.Debug|Any CPU.Build.0 = Debug|Any CPU
		{EBB45317-DDB8-296E-4755-3418B861F039}.Release|Any CPU.ActiveCfg = Release|Any CPU
		{EBB45317-DDB8-296E-4755-3418B861F039}.Release|Any CPU.Build.0 = Release|Any CPU
	EndGlobalSection
	GlobalSection(SolutionProperties) = preSolution
		HideSolutionNode = FALSE
	EndGlobalSection
	GlobalSection(MonoDevelopProperties) = preSolution
		StartupItem = Assembly-CSharp.csproj
	EndGlobalSection
EndGlobal
